// !$*UTF8*$!
{
	archiveVersion = 1;
	classes = {
	};
	objectVersion = 46;
	objects = {

/* Begin PBXBuildFile section */
		19F4014F15CAAC95FE1B5A14 /* NSDate+Midnight.m in Sources */ = {isa = PBXBuildFile; fileRef = 19F4058453E8912EF5CA166B /* NSDate+Midnight.m */; };
		19F4090BF0B9BD1B5812D3C8 /* Reminder.m in Sources */ = {isa = PBXBuildFile; fileRef = 19F40E810CD2A92CB010EE15 /* Reminder.m */; };
		19F409D16763B1F37CA3D453 /* EventKitController.m in Sources */ = {isa = PBXBuildFile; fileRef = 19F40182DD2C9D3AB7F6C7F0 /* EventKitController.m */; };
		19F409D46C939099185AAD3F /* Event.m in Sources */ = {isa = PBXBuildFile; fileRef = 19F40E7775D0DDBD08F3B9DA /* Event.m */; };
		19F40F9B3ABB89313F304CDD /* CalendarStoreController.m in Sources */ = {isa = PBXBuildFile; fileRef = 19F40B0B62DEB1A818900D80 /* CalendarStoreController.m */; };
		8F0773B515F442F3000BFC9B /* Preferences.m in Sources */ = {isa = PBXBuildFile; fileRef = 8F0773B315F442F3000BFC9B /* Preferences.m */; };
		8F0773B615F442F3000BFC9B /* Preferences.xib in Resources */ = {isa = PBXBuildFile; fileRef = 8F0773B415F442F3000BFC9B /* Preferences.xib */; };
		8FAAEE3815F6EFEE00B7E871 /* EventKit.framework in Frameworks */ = {isa = PBXBuildFile; fileRef = 8FAAEE3715F6EFEE00B7E871 /* EventKit.framework */; };
		8FF78BB715EEA5B100632460 /* sched.icns in Resources */ = {isa = PBXBuildFile; fileRef = 8FF78BB615EEA5B100632460 /* sched.icns */; };
		8FF78BBA15EEE07100632460 /* CalendarItem.m in Sources */ = {isa = PBXBuildFile; fileRef = 8FF78BB915EEE07100632460 /* CalendarItem.m */; };
		8FFDFD0E15EFDB01000B8994 /* README.md in Resources */ = {isa = PBXBuildFile; fileRef = 8FFDFD0D15EFDB01000B8994 /* README.md */; };
		EE1E50160E72535BEABEAAAC /* Cocoa.framework in Frameworks */ = {isa = PBXBuildFile; fileRef = EE1E50160E72535BEABEAAAB /* Cocoa.framework */; };
		EE1E50160E72535BEABEAAB6 /* InfoPlist.strings in Resources */ = {isa = PBXBuildFile; fileRef = EE1E50160E72535BEABEAAB5 /* InfoPlist.strings */; };
		EE1E50160E72535BEABEAAB8 /* main.m in Sources */ = {isa = PBXBuildFile; fileRef = EE1E50160E72535BEABEAAB7 /* main.m */; };
		EE1E50160E72535BEABEAABF /* Scheduler.m in Sources */ = {isa = PBXBuildFile; fileRef = EE1E50160E72535BEABEAABE /* Scheduler.m */; };
		EE1E50160E72535BEABEAAC2 /* MainMenu.xib in Resources */ = {isa = PBXBuildFile; fileRef = EE1E50160E72535BEABEAAC1 /* MainMenu.xib */; };
		EE1E50160E72535BEABEAAC4 /* CalendarStore.framework in Frameworks */ = {isa = PBXBuildFile; fileRef = EE1E50160E72535BEABEAAC3 /* CalendarStore.framework */; };
/* End PBXBuildFile section */

/* Begin PBXFileReference section */
		19F40182DD2C9D3AB7F6C7F0 /* EventKitController.m */ = {isa = PBXFileReference; fileEncoding = 4; lastKnownFileType = sourcecode.c.objc; path = EventKitController.m; sourceTree = "<group>"; };
		19F401B19BDFA418CAEE1E70 /* CalendarController.h */ = {isa = PBXFileReference; fileEncoding = 4; lastKnownFileType = sourcecode.c.h; path = CalendarController.h; sourceTree = "<group>"; };
		19F4038DFFC197B6BA115AE7 /* NSDate+Midnight.h */ = {isa = PBXFileReference; fileEncoding = 4; lastKnownFileType = sourcecode.c.h; path = "NSDate+Midnight.h"; sourceTree = "<group>"; };
		19F4058453E8912EF5CA166B /* NSDate+Midnight.m */ = {isa = PBXFileReference; fileEncoding = 4; lastKnownFileType = sourcecode.c.objc; path = "NSDate+Midnight.m"; sourceTree = "<group>"; };
		19F40643D0C6B24D7C352E8A /* Event.h */ = {isa = PBXFileReference; fileEncoding = 4; lastKnownFileType = sourcecode.c.h; path = Event.h; sourceTree = "<group>"; };
		19F408EA14F3C28BE8B957FC /* CalendarStoreController.h */ = {isa = PBXFileReference; fileEncoding = 4; lastKnownFileType = sourcecode.c.h; path = CalendarStoreController.h; sourceTree = "<group>"; };
		19F409E70556A823EB69DFE3 /* EventKitController.h */ = {isa = PBXFileReference; fileEncoding = 4; lastKnownFileType = sourcecode.c.h; path = EventKitController.h; sourceTree = "<group>"; };
		19F40ABE43531C4116B713A7 /* Reminder.h */ = {isa = PBXFileReference; fileEncoding = 4; lastKnownFileType = sourcecode.c.h; path = Reminder.h; sourceTree = "<group>"; };
		19F40B0B62DEB1A818900D80 /* CalendarStoreController.m */ = {isa = PBXFileReference; fileEncoding = 4; lastKnownFileType = sourcecode.c.objc; path = CalendarStoreController.m; sourceTree = "<group>"; };
		19F40E7775D0DDBD08F3B9DA /* Event.m */ = {isa = PBXFileReference; fileEncoding = 4; lastKnownFileType = sourcecode.c.objc; path = Event.m; sourceTree = "<group>"; };
		19F40E810CD2A92CB010EE15 /* Reminder.m */ = {isa = PBXFileReference; fileEncoding = 4; lastKnownFileType = sourcecode.c.objc; path = Reminder.m; sourceTree = "<group>"; };
		8F0773B215F442F3000BFC9B /* Preferences.h */ = {isa = PBXFileReference; fileEncoding = 4; lastKnownFileType = sourcecode.c.h; name = Preferences.h; path = Preferences.h; sourceTree = "<group>"; };
		8F0773B315F442F3000BFC9B /* Preferences.m */ = {isa = PBXFileReference; fileEncoding = 4; lastKnownFileType = sourcecode.c.objc; name = Preferences.m; path = Preferences.m; sourceTree = "<group>"; };
		8F0773B415F442F3000BFC9B /* Preferences.xib */ = {isa = PBXFileReference; fileEncoding = 4; lastKnownFileType = file.xib; name = Preferences.xib; path = en.lproj/Preferences.xib; sourceTree = SOURCE_ROOT; };
		8F9C064115E472D700F45542 /* sched.entitlements */ = {isa = PBXFileReference; lastKnownFileType = text.xml; path = sched.entitlements; sourceTree = "<group>"; };
		8FAAEE3715F6EFEE00B7E871 /* EventKit.framework */ = {isa = PBXFileReference; lastKnownFileType = wrapper.framework; name = EventKit.framework; path = System/Library/Frameworks/EventKit.framework; sourceTree = SDKROOT; };
		8FF78BB615EEA5B100632460 /* sched.icns */ = {isa = PBXFileReference; lastKnownFileType = image.icns; path = sched.icns; sourceTree = "<group>"; };
		8FF78BB815EEE07100632460 /* CalendarItem.h */ = {isa = PBXFileReference; fileEncoding = 4; indentWidth = 4; lastKnownFileType = sourcecode.c.h; path = CalendarItem.h; sourceTree = "<group>"; tabWidth = 4; usesTabs = 0; wrapsLines = 0; };
		8FF78BB915EEE07100632460 /* CalendarItem.m */ = {isa = PBXFileReference; fileEncoding = 4; indentWidth = 4; lastKnownFileType = sourcecode.c.objc; path = CalendarItem.m; sourceTree = "<group>"; tabWidth = 4; usesTabs = 0; wrapsLines = 0; };
		8FFDFD0D15EFDB01000B8994 /* README.md */ = {isa = PBXFileReference; fileEncoding = 4; lastKnownFileType = text; path = README.md; sourceTree = SOURCE_ROOT; };
		EE1E50160E72535BEABEAAA2 /* sched.app */ = {isa = PBXFileReference; explicitFileType = wrapper.application; includeInIndex = 0; path = sched.app; sourceTree = BUILT_PRODUCTS_DIR; };
		EE1E50160E72535BEABEAAAB /* Cocoa.framework */ = {isa = PBXFileReference; lastKnownFileType = wrapper.framework; name = Cocoa.framework; path = System/Library/Frameworks/Cocoa.framework; sourceTree = SDKROOT; };
		EE1E50160E72535BEABEAAAE /* AppKit.framework */ = {isa = PBXFileReference; lastKnownFileType = wrapper.framework; name = AppKit.framework; path = System/Library/Frameworks/AppKit.framework; sourceTree = SDKROOT; };
		EE1E50160E72535BEABEAAAF /* CoreData.framework */ = {isa = PBXFileReference; lastKnownFileType = wrapper.framework; name = CoreData.framework; path = System/Library/Frameworks/CoreData.framework; sourceTree = SDKROOT; };
		EE1E50160E72535BEABEAAB0 /* Foundation.framework */ = {isa = PBXFileReference; lastKnownFileType = wrapper.framework; name = Foundation.framework; path = System/Library/Frameworks/Foundation.framework; sourceTree = SDKROOT; };
		EE1E50160E72535BEABEAAB3 /* sched-Info.plist */ = {isa = PBXFileReference; lastKnownFileType = text.plist.info; path = "sched-Info.plist"; sourceTree = "<group>"; };
		EE1E50160E72535BEABEAAB4 /* en */ = {isa = PBXFileReference; lastKnownFileType = text.plist.strings; name = en; path = en.lproj/InfoPlist.strings; sourceTree = "<group>"; };
		EE1E50160E72535BEABEAAB7 /* main.m */ = {isa = PBXFileReference; lastKnownFileType = sourcecode.c.objc; path = main.m; sourceTree = "<group>"; };
		EE1E50160E72535BEABEAAB9 /* sched-Prefix.pch */ = {isa = PBXFileReference; lastKnownFileType = sourcecode.c.h; path = "sched-Prefix.pch"; sourceTree = "<group>"; };
		EE1E50160E72535BEABEAABD /* Scheduler.h */ = {isa = PBXFileReference; lastKnownFileType = sourcecode.c.h; path = Scheduler.h; sourceTree = "<group>"; };
		EE1E50160E72535BEABEAABE /* Scheduler.m */ = {isa = PBXFileReference; lastKnownFileType = sourcecode.c.objc; path = Scheduler.m; sourceTree = "<group>"; };
		EE1E50160E72535BEABEAAC0 /* MainMenu.xib */ = {isa = PBXFileReference; lastKnownFileType = file.xib; name = MainMenu.xib; path = en.lproj/MainMenu.xib; sourceTree = "<group>"; };
		EE1E50160E72535BEABEAAC3 /* CalendarStore.framework */ = {isa = PBXFileReference; lastKnownFileType = wrapper.framework; name = CalendarStore.framework; path = System/Library/Frameworks/CalendarStore.framework; sourceTree = SDKROOT; };
/* End PBXFileReference section */

/* Begin PBXFrameworksBuildPhase section */
		EE1E50160E72535BEABEAAA8 /* Frameworks */ = {
			isa = PBXFrameworksBuildPhase;
			buildActionMask = 2147483647;
			files = (
				EE1E50160E72535BEABEAAAC /* Cocoa.framework in Frameworks */,
				EE1E50160E72535BEABEAAC4 /* CalendarStore.framework in Frameworks */,
				8FAAEE3815F6EFEE00B7E871 /* EventKit.framework in Frameworks */,
			);
			runOnlyForDeploymentPostprocessing = 0;
		};
/* End PBXFrameworksBuildPhase section */

/* Begin PBXGroup section */
		19F404F49EA1EB3F786DEA72 /* UI */ = {
			isa = PBXGroup;
			children = (
				EE1E50160E72535BEABEAAC1 /* MainMenu.xib */,
			);
			name = UI;
			sourceTree = "<group>";
		};
		8F0773B715F4432F000BFC9B /* Model */ = {
			isa = PBXGroup;
			children = (
				8FF78BB815EEE07100632460 /* CalendarItem.h */,
				8FF78BB915EEE07100632460 /* CalendarItem.m */,
				19F40643D0C6B24D7C352E8A /* Event.h */,
				19F40E7775D0DDBD08F3B9DA /* Event.m */,
				19F40ABE43531C4116B713A7 /* Reminder.h */,
				19F40E810CD2A92CB010EE15 /* Reminder.m */,
			);
			name = Model;
			sourceTree = "<group>";
		};
		8F0773B815F4435A000BFC9B /* Controllers */ = {
			isa = PBXGroup;
			children = (
				19F409E70556A823EB69DFE3 /* EventKitController.h */,
				19F40182DD2C9D3AB7F6C7F0 /* EventKitController.m */,
				19F401B19BDFA418CAEE1E70 /* CalendarController.h */,
				19F408EA14F3C28BE8B957FC /* CalendarStoreController.h */,
				19F40B0B62DEB1A818900D80 /* CalendarStoreController.m */,
			);
			name = Controllers;
			sourceTree = "<group>";
		};
		8F0773B915F4436E000BFC9B /* Util */ = {
			isa = PBXGroup;
			children = (
				19F4038DFFC197B6BA115AE7 /* NSDate+Midnight.h */,
				19F4058453E8912EF5CA166B /* NSDate+Midnight.m */,
			);
			name = Util;
			sourceTree = "<group>";
		};
		8F0773BE15F44CAD000BFC9B /* Preferences */ = {
			isa = PBXGroup;
			children = (
				8F0773B315F442F3000BFC9B /* Preferences.m */,
				8F0773B215F442F3000BFC9B /* Preferences.h */,
			);
			name = Preferences;
			sourceTree = "<group>";
		};
		EE1E50160E72535BEABEAA9E = {
			isa = PBXGroup;
			children = (
				EE1E50160E72535BEABEAA9F /* Products */,
				EE1E50160E72535BEABEAAAA /* Frameworks */,
				EE1E50160E72535BEABEAAB1 /* sched */,
			);
			sourceTree = "<group>";
		};
		EE1E50160E72535BEABEAA9F /* Products */ = {
			isa = PBXGroup;
			children = (
				EE1E50160E72535BEABEAAA2 /* sched.app */,
			);
			name = Products;
			sourceTree = "<group>";
		};
		EE1E50160E72535BEABEAAAA /* Frameworks */ = {
			isa = PBXGroup;
			children = (
				8FAAEE3715F6EFEE00B7E871 /* EventKit.framework */,
				EE1E50160E72535BEABEAAC3 /* CalendarStore.framework */,
				EE1E50160E72535BEABEAAAB /* Cocoa.framework */,
				EE1E50160E72535BEABEAAAD /* Other Frameworks */,
			);
			name = Frameworks;
			sourceTree = "<group>";
		};
		EE1E50160E72535BEABEAAAD /* Other Frameworks */ = {
			isa = PBXGroup;
			children = (
				EE1E50160E72535BEABEAAB0 /* Foundation.framework */,
				EE1E50160E72535BEABEAAAF /* CoreData.framework */,
				EE1E50160E72535BEABEAAAE /* AppKit.framework */,
			);
			name = "Other Frameworks";
			sourceTree = "<group>";
		};
		EE1E50160E72535BEABEAAB1 /* sched */ = {
			isa = PBXGroup;
			children = (
				8F0773B415F442F3000BFC9B /* Preferences.xib */,
				8FFDFD0D15EFDB01000B8994 /* README.md */,
				8F0773B715F4432F000BFC9B /* Model */,
				8F0773B815F4435A000BFC9B /* Controllers */,
				8F0773BE15F44CAD000BFC9B /* Preferences */,
				EE1E50160E72535BEABEAABD /* Scheduler.h */,
				EE1E50160E72535BEABEAABE /* Scheduler.m */,
				8F0773B915F4436E000BFC9B /* Util */,
				EE1E50160E72535BEABEAAB2 /* Supporting Files */,
				19F404F49EA1EB3F786DEA72 /* UI */,
			);
			path = sched;
			sourceTree = "<group>";
		};
		EE1E50160E72535BEABEAAB2 /* Supporting Files */ = {
			isa = PBXGroup;
			children = (
				8FF78BB615EEA5B100632460 /* sched.icns */,
				8F9C064115E472D700F45542 /* sched.entitlements */,
				EE1E50160E72535BEABEAAB9 /* sched-Prefix.pch */,
				EE1E50160E72535BEABEAAB7 /* main.m */,
				EE1E50160E72535BEABEAAB5 /* InfoPlist.strings */,
				EE1E50160E72535BEABEAAB3 /* sched-Info.plist */,
			);
			name = "Supporting Files";
			sourceTree = "<group>";
		};
/* End PBXGroup section */

/* Begin PBXNativeTarget section */
		EE1E50160E72535BEABEAAA3 /* sched */ = {
			isa = PBXNativeTarget;
			buildConfigurationList = EE1E50160E72535BEABEAAA4 /* Build configuration list for PBXNativeTarget "sched" */;
			buildPhases = (
				EE1E50160E72535BEABEAAA7 /* Sources */,
				EE1E50160E72535BEABEAAA8 /* Frameworks */,
				EE1E50160E72535BEABEAAA9 /* Resources */,
			);
			buildRules = (
			);
			dependencies = (
			);
			name = sched;
			productName = sched;
			productReference = EE1E50160E72535BEABEAAA2 /* sched.app */;
			productType = "com.apple.product-type.application";
		};
/* End PBXNativeTarget section */

/* Begin PBXProject section */
		EE1E50160E72535BEABEAA9C /* Project object */ = {
			isa = PBXProject;
			attributes = {
				LastUpgradeCheck = 0450;
				ORGANIZATIONNAME = com.webguys;
			};
			buildConfigurationList = EE1E50160E72535BEABEAA9D /* Build configuration list for PBXProject "sched" */;
			compatibilityVersion = "Xcode 3.2";
			developmentRegion = English;
			hasScannedForEncodings = 0;
			knownRegions = (
				en,
			);
			mainGroup = EE1E50160E72535BEABEAA9E;
			productRefGroup = EE1E50160E72535BEABEAA9F /* Products */;
			projectDirPath = "";
			projectRoot = "";
			targets = (
				EE1E50160E72535BEABEAAA3 /* sched */,
			);
		};
/* End PBXProject section */

/* Begin PBXResourcesBuildPhase section */
		EE1E50160E72535BEABEAAA9 /* Resources */ = {
			isa = PBXResourcesBuildPhase;
			buildActionMask = 2147483647;
			files = (
				EE1E50160E72535BEABEAAB6 /* InfoPlist.strings in Resources */,
				EE1E50160E72535BEABEAAC2 /* MainMenu.xib in Resources */,
				8FF78BB715EEA5B100632460 /* sched.icns in Resources */,
				8FFDFD0E15EFDB01000B8994 /* README.md in Resources */,
				8F0773B615F442F3000BFC9B /* Preferences.xib in Resources */,
			);
			runOnlyForDeploymentPostprocessing = 0;
		};
/* End PBXResourcesBuildPhase section */

/* Begin PBXSourcesBuildPhase section */
		EE1E50160E72535BEABEAAA7 /* Sources */ = {
			isa = PBXSourcesBuildPhase;
			buildActionMask = 2147483647;
			files = (
				EE1E50160E72535BEABEAAB8 /* main.m in Sources */,
				EE1E50160E72535BEABEAABF /* Scheduler.m in Sources */,
				19F40F9B3ABB89313F304CDD /* CalendarStoreController.m in Sources */,
				19F4090BF0B9BD1B5812D3C8 /* Reminder.m in Sources */,
				8FF78BBA15EEE07100632460 /* CalendarItem.m in Sources */,
				19F409D46C939099185AAD3F /* Event.m in Sources */,
				19F4014F15CAAC95FE1B5A14 /* NSDate+Midnight.m in Sources */,
				19F409D16763B1F37CA3D453 /* EventKitController.m in Sources */,
				8F0773B515F442F3000BFC9B /* Preferences.m in Sources */,
			);
			runOnlyForDeploymentPostprocessing = 0;
		};
/* End PBXSourcesBuildPhase section */

/* Begin PBXVariantGroup section */
		EE1E50160E72535BEABEAAB5 /* InfoPlist.strings */ = {
			isa = PBXVariantGroup;
			children = (
				EE1E50160E72535BEABEAAB4 /* en */,
			);
			name = InfoPlist.strings;
			sourceTree = "<group>";
		};
		EE1E50160E72535BEABEAAC1 /* MainMenu.xib */ = {
			isa = PBXVariantGroup;
			children = (
				EE1E50160E72535BEABEAAC0 /* MainMenu.xib */,
			);
			name = MainMenu.xib;
			sourceTree = "<group>";
		};
/* End PBXVariantGroup section */

/* Begin XCBuildConfiguration section */
		EE1E50160E72535BEABEAAA0 /* Release */ = {
			isa = XCBuildConfiguration;
			buildSettings = {
				ALWAYS_SEARCH_USER_PATHS = NO;
				ARCHS = "$(ARCHS_STANDARD_32_64_BIT)";
				CLANG_ANALYZER_SECURITY_INSECUREAPI_RAND = YES;
				CLANG_ANALYZER_SECURITY_INSECUREAPI_STRCPY = YES;
				CLANG_ENABLE_OBJC_ARC = YES;
				CLANG_WARN_DEPRECATED_OBJC_IMPLEMENTATIONS = YES;
				CLANG_WARN_IMPLICIT_SIGN_CONVERSION = YES;
				CLANG_WARN_OBJC_IMPLICIT_ATOMIC_PROPERTIES = YES;
				CLANG_WARN_OBJC_MISSING_PROPERTY_SYNTHESIS = YES;
				CLANG_WARN_OBJC_RECEIVER_WEAK = YES;
				CLANG_WARN_SUSPICIOUS_IMPLICIT_CONVERSION = YES;
				CLANG_WARN__DUPLICATE_METHOD_MATCH = YES;
				COPY_PHASE_STRIP = YES;
				DEBUG_INFORMATION_FORMAT = dwarf;
				GCC_C_LANGUAGE_STANDARD = gnu99;
				GCC_ENABLE_OBJC_EXCEPTIONS = YES;
				GCC_TREAT_IMPLICIT_FUNCTION_DECLARATIONS_AS_ERRORS = YES;
				GCC_VERSION = com.apple.compilers.llvm.clang.1_0;
				GCC_WARN_64_TO_32_BIT_CONVERSION = YES;
				GCC_WARN_ABOUT_MISSING_FIELD_INITIALIZERS = YES;
				GCC_WARN_ABOUT_MISSING_PROTOTYPES = YES;
				GCC_WARN_ABOUT_RETURN_TYPE = YES;
				GCC_WARN_INITIALIZER_NOT_FULLY_BRACKETED = YES;
				GCC_WARN_MULTIPLE_DEFINITION_TYPES_FOR_SELECTOR = YES;
				GCC_WARN_SHADOW = YES;
				GCC_WARN_SIGN_COMPARE = YES;
				GCC_WARN_UNDECLARED_SELECTOR = YES;
				GCC_WARN_UNINITIALIZED_AUTOS = YES;
				GCC_WARN_UNKNOWN_PRAGMAS = YES;
				GCC_WARN_UNUSED_FUNCTION = YES;
				GCC_WARN_UNUSED_LABEL = YES;
				GCC_WARN_UNUSED_PARAMETER = YES;
				GCC_WARN_UNUSED_VARIABLE = YES;
				MACOSX_DEPLOYMENT_TARGET = 10.7;
				ONLY_ACTIVE_ARCH = YES;
				RUN_CLANG_STATIC_ANALYZER = YES;
				SDKROOT = macosx;
				VALIDATE_PRODUCT = YES;
			};
			name = Release;
		};
		EE1E50160E72535BEABEAAA1 /* Debug */ = {
			isa = XCBuildConfiguration;
			buildSettings = {
				ALWAYS_SEARCH_USER_PATHS = NO;
				ARCHS = "$(ARCHS_STANDARD_32_64_BIT)";
				CLANG_ANALYZER_SECURITY_INSECUREAPI_RAND = YES;
				CLANG_ANALYZER_SECURITY_INSECUREAPI_STRCPY = YES;
				CLANG_ENABLE_OBJC_ARC = YES;
				CLANG_WARN_DEPRECATED_OBJC_IMPLEMENTATIONS = YES;
				CLANG_WARN_IMPLICIT_SIGN_CONVERSION = YES;
				CLANG_WARN_OBJC_IMPLICIT_ATOMIC_PROPERTIES = YES;
				CLANG_WARN_OBJC_MISSING_PROPERTY_SYNTHESIS = YES;
				CLANG_WARN_OBJC_RECEIVER_WEAK = YES;
				CLANG_WARN_SUSPICIOUS_IMPLICIT_CONVERSION = YES;
				CLANG_WARN__DUPLICATE_METHOD_MATCH = YES;
				COPY_PHASE_STRIP = NO;
				DEBUG_INFORMATION_FORMAT = "dwarf-with-dsym";
				GCC_C_LANGUAGE_STANDARD = gnu99;
				GCC_DYNAMIC_NO_PIC = NO;
				GCC_ENABLE_OBJC_EXCEPTIONS = YES;
				GCC_OPTIMIZATION_LEVEL = 0;
				GCC_PREPROCESSOR_DEFINITIONS = (
					"DEBUG=1",
					"$(inherited)",
				);
				GCC_SYMBOLS_PRIVATE_EXTERN = NO;
				GCC_TREAT_IMPLICIT_FUNCTION_DECLARATIONS_AS_ERRORS = YES;
				GCC_VERSION = com.apple.compilers.llvm.clang.1_0;
				GCC_WARN_64_TO_32_BIT_CONVERSION = YES;
				GCC_WARN_ABOUT_MISSING_FIELD_INITIALIZERS = YES;
				GCC_WARN_ABOUT_MISSING_PROTOTYPES = YES;
				GCC_WARN_ABOUT_RETURN_TYPE = YES;
				GCC_WARN_INITIALIZER_NOT_FULLY_BRACKETED = YES;
				GCC_WARN_MULTIPLE_DEFINITION_TYPES_FOR_SELECTOR = YES;
				GCC_WARN_SHADOW = YES;
				GCC_WARN_SIGN_COMPARE = YES;
				GCC_WARN_UNDECLARED_SELECTOR = YES;
				GCC_WARN_UNINITIALIZED_AUTOS = YES;
				GCC_WARN_UNKNOWN_PRAGMAS = YES;
				GCC_WARN_UNUSED_FUNCTION = YES;
				GCC_WARN_UNUSED_LABEL = YES;
				GCC_WARN_UNUSED_PARAMETER = YES;
				GCC_WARN_UNUSED_VARIABLE = YES;
				MACOSX_DEPLOYMENT_TARGET = 10.7;
				ONLY_ACTIVE_ARCH = YES;
				RUN_CLANG_STATIC_ANALYZER = YES;
				SDKROOT = macosx;
				VALIDATE_PRODUCT = YES;
			};
			name = Debug;
		};
		EE1E50160E72535BEABEAAA5 /* Release */ = {
			isa = XCBuildConfiguration;
			buildSettings = {
				ARCHS = "$(ARCHS_STANDARD_32_64_BIT)";
				CODE_SIGN_ENTITLEMENTS = sched/sched.entitlements;
				COMBINE_HIDPI_IMAGES = YES;
				GCC_PRECOMPILE_PREFIX_HEADER = YES;
				GCC_PREFIX_HEADER = "sched/sched-Prefix.pch";
				INFOPLIST_FILE = "sched/sched-Info.plist";
				INSTALL_PATH = "$(LOCAL_ADMIN_APPS_DIR)";
				MACOSX_DEPLOYMENT_TARGET = 10.7;
				PRODUCT_NAME = "$(TARGET_NAME)";
				STRIP_INSTALLED_PRODUCT = YES;
				WRAPPER_EXTENSION = app;
			};
			name = Release;
		};
		EE1E50160E72535BEABEAAA6 /* Debug */ = {
			isa = XCBuildConfiguration;
			buildSettings = {
				ARCHS = "$(ARCHS_STANDARD_32_64_BIT)";
				CODE_SIGN_ENTITLEMENTS = sched/sched.entitlements;
				COMBINE_HIDPI_IMAGES = YES;
				GCC_PRECOMPILE_PREFIX_HEADER = YES;
				GCC_PREFIX_HEADER = "sched/sched-Prefix.pch";
				INFOPLIST_FILE = "sched/sched-Info.plist";
				INSTALL_PATH = "$(LOCAL_ADMIN_APPS_DIR)";
				MACOSX_DEPLOYMENT_TARGET = 10.7;
				PRODUCT_NAME = "$(TARGET_NAME)";
				STRIP_INSTALLED_PRODUCT = YES;
				WRAPPER_EXTENSION = app;
			};
			name = Debug;
		};
/* End XCBuildConfiguration section */

/* Begin XCConfigurationList section */
		EE1E50160E72535BEABEAA9D /* Build configuration list for PBXProject "sched" */ = {
			isa = XCConfigurationList;
			buildConfigurations = (
				EE1E50160E72535BEABEAAA0 /* Release */,
				EE1E50160E72535BEABEAAA1 /* Debug */,
			);
			defaultConfigurationIsVisible = 0;
			defaultConfigurationName = Release;
		};
		EE1E50160E72535BEABEAAA4 /* Build configuration list for PBXNativeTarget "sched" */ = {
			isa = XCConfigurationList;
			buildConfigurations = (
				EE1E50160E72535BEABEAAA5 /* Release */,
				EE1E50160E72535BEABEAAA6 /* Debug */,
			);
			defaultConfigurationIsVisible = 0;
			defaultConfigurationName = Release;
		};
/* End XCConfigurationList section */
	};
	rootObject = EE1E50160E72535BEABEAA9C /* Project object */;
}
